{
  "version": 4,
  "terraform_version": "1.10.5",
  "serial": 9,
  "lineage": "ba1eb9d9-4215-7412-13b3-5aacb31f8777",
  "outputs": {
    "Group_ids": {
      "value": [
        {
          "NitinSati_Group_1": {
            "arn": "arn:aws:ec2:ap-south-1:905418330779:security-group/sg-0084195909f465ae8",
            "description": "Managed by Terraform",
            "egress": [],
            "id": "sg-0084195909f465ae8",
            "ingress": [],
            "name": "NitinSati_Group_1",
            "name_prefix": "",
            "owner_id": "905418330779",
            "revoke_rules_on_delete": false,
            "tags": null,
            "tags_all": {},
            "timeouts": null,
            "vpc_id": "vpc-0a4171191df0cd692"
          },
          "NitinSati_Group_2": {
            "arn": "arn:aws:ec2:ap-south-1:905418330779:security-group/sg-067d7bf8d32feb466",
            "description": "Managed by Terraform",
            "egress": [],
            "id": "sg-067d7bf8d32feb466",
            "ingress": [],
            "name": "NitinSati_Group_2",
            "name_prefix": "",
            "owner_id": "905418330779",
            "revoke_rules_on_delete": false,
            "tags": null,
            "tags_all": {},
            "timeouts": null,
            "vpc_id": "vpc-0a4171191df0cd692"
          }
        }
      ],
      "type": [
        "tuple",
        [
          [
            "object",
            {
              "NitinSati_Group_1": [
                "object",
                {
                  "arn": "string",
                  "description": "string",
                  "egress": [
                    "set",
                    [
                      "object",
                      {
                        "cidr_blocks": [
                          "list",
                          "string"
                        ],
                        "description": "string",
                        "from_port": "number",
                        "ipv6_cidr_blocks": [
                          "list",
                          "string"
                        ],
                        "prefix_list_ids": [
                          "list",
                          "string"
                        ],
                        "protocol": "string",
                        "security_groups": [
                          "set",
                          "string"
                        ],
                        "self": "bool",
                        "to_port": "number"
                      }
                    ]
                  ],
                  "id": "string",
                  "ingress": [
                    "set",
                    [
                      "object",
                      {
                        "cidr_blocks": [
                          "list",
                          "string"
                        ],
                        "description": "string",
                        "from_port": "number",
                        "ipv6_cidr_blocks": [
                          "list",
                          "string"
                        ],
                        "prefix_list_ids": [
                          "list",
                          "string"
                        ],
                        "protocol": "string",
                        "security_groups": [
                          "set",
                          "string"
                        ],
                        "self": "bool",
                        "to_port": "number"
                      }
                    ]
                  ],
                  "name": "string",
                  "name_prefix": "string",
                  "owner_id": "string",
                  "revoke_rules_on_delete": "bool",
                  "tags": [
                    "map",
                    "string"
                  ],
                  "tags_all": [
                    "map",
                    "string"
                  ],
                  "timeouts": [
                    "object",
                    {
                      "create": "string",
                      "delete": "string"
                    }
                  ],
                  "vpc_id": "string"
                }
              ],
              "NitinSati_Group_2": [
                "object",
                {
                  "arn": "string",
                  "description": "string",
                  "egress": [
                    "set",
                    [
                      "object",
                      {
                        "cidr_blocks": [
                          "list",
                          "string"
                        ],
                        "description": "string",
                        "from_port": "number",
                        "ipv6_cidr_blocks": [
                          "list",
                          "string"
                        ],
                        "prefix_list_ids": [
                          "list",
                          "string"
                        ],
                        "protocol": "string",
                        "security_groups": [
                          "set",
                          "string"
                        ],
                        "self": "bool",
                        "to_port": "number"
                      }
                    ]
                  ],
                  "id": "string",
                  "ingress": [
                    "set",
                    [
                      "object",
                      {
                        "cidr_blocks": [
                          "list",
                          "string"
                        ],
                        "description": "string",
                        "from_port": "number",
                        "ipv6_cidr_blocks": [
                          "list",
                          "string"
                        ],
                        "prefix_list_ids": [
                          "list",
                          "string"
                        ],
                        "protocol": "string",
                        "security_groups": [
                          "set",
                          "string"
                        ],
                        "self": "bool",
                        "to_port": "number"
                      }
                    ]
                  ],
                  "name": "string",
                  "name_prefix": "string",
                  "owner_id": "string",
                  "revoke_rules_on_delete": "bool",
                  "tags": [
                    "map",
                    "string"
                  ],
                  "tags_all": [
                    "map",
                    "string"
                  ],
                  "timeouts": [
                    "object",
                    {
                      "create": "string",
                      "delete": "string"
                    }
                  ],
                  "vpc_id": "string"
                }
              ]
            }
          ]
        ]
      ]
    }
  },
  "resources": [
    {
      "mode": "managed",
      "type": "aws_security_group",
      "name": "multiple_groups",
      "provider": "provider[\"registry.terraform.io/hashicorp/aws\"]",
      "instances": [
        {
          "index_key": "NitinSati_Group_1",
          "schema_version": 1,
          "attributes": {
            "arn": "arn:aws:ec2:ap-south-1:905418330779:security-group/sg-0084195909f465ae8",
            "description": "Managed by Terraform",
            "egress": [],
            "id": "sg-0084195909f465ae8",
            "ingress": [],
            "name": "NitinSati_Group_1",
            "name_prefix": "",
            "owner_id": "905418330779",
            "revoke_rules_on_delete": false,
            "tags": null,
            "tags_all": {},
            "timeouts": null,
            "vpc_id": "vpc-0a4171191df0cd692"
          },
          "sensitive_attributes": [],
          "private": "eyJlMmJmYjczMC1lY2FhLTExZTYtOGY4OC0zNDM2M2JjN2M0YzAiOnsiY3JlYXRlIjo2MDAwMDAwMDAwMDAsImRlbGV0ZSI6OTAwMDAwMDAwMDAwfSwic2NoZW1hX3ZlcnNpb24iOiIxIn0="
        },
        {
          "index_key": "NitinSati_Group_2",
          "schema_version": 1,
          "attributes": {
            "arn": "arn:aws:ec2:ap-south-1:905418330779:security-group/sg-067d7bf8d32feb466",
            "description": "Managed by Terraform",
            "egress": [],
            "id": "sg-067d7bf8d32feb466",
            "ingress": [],
            "name": "NitinSati_Group_2",
            "name_prefix": "",
            "owner_id": "905418330779",
            "revoke_rules_on_delete": false,
            "tags": null,
            "tags_all": {},
            "timeouts": null,
            "vpc_id": "vpc-0a4171191df0cd692"
          },
          "sensitive_attributes": [],
          "private": "eyJlMmJmYjczMC1lY2FhLTExZTYtOGY4OC0zNDM2M2JjN2M0YzAiOnsiY3JlYXRlIjo2MDAwMDAwMDAwMDAsImRlbGV0ZSI6OTAwMDAwMDAwMDAwfSwic2NoZW1hX3ZlcnNpb24iOiIxIn0="
        }
      ]
    }
  ],
  "check_results": null
}
