{
  "version": 4,
  "terraform_version": "1.10.5",
  "serial": 12,
  "lineage": "6edeb898-e6ae-42c0-595a-ac28848af56f",
  "outputs": {},
  "resources": [
    {
      "mode": "managed",
      "type": "aws_iam_user",
      "name": "multi_users",
      "provider": "provider[\"registry.terraform.io/hashicorp/aws\"]",
      "instances": [
        {
          "index_key": "User1",
          "schema_version": 0,
          "attributes": {
            "arn": "arn:aws:iam::905418330779:user/User1",
            "force_destroy": false,
            "id": "User1",
            "name": "User1",
            "path": "/",
            "permissions_boundary": null,
            "tags": {
              "created_by": "Nitin",
              "time_of_creation": "2025-02-04T13:34:31Z",
              "type": "user"
            },
            "tags_all": {
              "created_by": "Nitin",
              "time_of_creation": "2025-02-04T13:34:31Z",
              "type": "user"
            },
            "unique_id": "AIDA5FTZDKKNQTHUWMCVH"
          },
          "sensitive_attributes": [],
          "private": "bnVsbA=="
        },
        {
          "index_key": "User2",
          "schema_version": 0,
          "attributes": {
            "arn": "arn:aws:iam::905418330779:user/User2",
            "force_destroy": false,
            "id": "User2",
            "name": "User2",
            "path": "/",
            "permissions_boundary": null,
            "tags": {
              "created_by": "Nitin",
              "time_of_creation": "2025-02-04T13:34:31Z",
              "type": "user"
            },
            "tags_all": {
              "created_by": "Nitin",
              "time_of_creation": "2025-02-04T13:34:31Z",
              "type": "user"
            },
            "unique_id": "AIDA5FTZDKKN2HX53DHOW"
          },
          "sensitive_attributes": [],
          "private": "bnVsbA=="
        },
        {
          "index_key": "User3",
          "schema_version": 0,
          "attributes": {
            "arn": "arn:aws:iam::905418330779:user/User3",
            "force_destroy": false,
            "id": "User3",
            "name": "User3",
            "path": "/",
            "permissions_boundary": null,
            "tags": {
              "created_by": "Nitin",
              "time_of_creation": "2025-02-04T13:34:31Z",
              "type": "user"
            },
            "tags_all": {
              "created_by": "Nitin",
              "time_of_creation": "2025-02-04T13:34:31Z",
              "type": "user"
            },
            "unique_id": "AIDA5FTZDKKNX4V6SQUV7"
          },
          "sensitive_attributes": [],
          "private": "bnVsbA=="
        }
      ]
    }
  ],
  "check_results": null
}
