{
  "version": 4,
  "terraform_version": "1.10.5",
  "serial": 14,
  "lineage": "483feb5a-47c9-47dd-efd4-0579dec280c7",
  "outputs": {},
  "resources": [
    {
      "mode": "managed",
      "type": "aws_iam_group",
      "name": "multi_groups",
      "provider": "provider[\"registry.terraform.io/hashicorp/aws\"]",
      "instances": [
        {
          "index_key": 0,
          "schema_version": 0,
          "attributes": {
            "arn": "arn:aws:iam::905418330779:group/SocietyA",
            "id": "SocietyA",
            "name": "SocietyA",
            "path": "/",
            "unique_id": "AGPA5FTZDKKN3PAVCY3GA"
          },
          "sensitive_attributes": [],
          "private": "bnVsbA=="
        },
        {
          "index_key": 1,
          "schema_version": 0,
          "attributes": {
            "arn": "arn:aws:iam::905418330779:group/SocietyB",
            "id": "SocietyB",
            "name": "SocietyB",
            "path": "/",
            "unique_id": "AGPA5FTZDKKN3JPS5G3UR"
          },
          "sensitive_attributes": [],
          "private": "bnVsbA=="
        },
        {
          "index_key": 2,
          "schema_version": 0,
          "attributes": {
            "arn": "arn:aws:iam::905418330779:group/SocietyC",
            "id": "SocietyC",
            "name": "SocietyC",
            "path": "/",
            "unique_id": "AGPA5FTZDKKN5JO2HC5HY"
          },
          "sensitive_attributes": [],
          "private": "bnVsbA=="
        }
      ]
    },
    {
      "mode": "managed",
      "type": "aws_iam_user",
      "name": "multi_users",
      "provider": "provider[\"registry.terraform.io/hashicorp/aws\"]",
      "instances": [
        {
          "index_key": "PocketA",
          "schema_version": 0,
          "attributes": {
            "arn": "arn:aws:iam::905418330779:user/PocketA",
            "force_destroy": false,
            "id": "PocketA",
            "name": "PocketA",
            "path": "/",
            "permissions_boundary": "",
            "tags": null,
            "tags_all": {},
            "unique_id": "AIDA5FTZDKKNZ3CJLEZNK"
          },
          "sensitive_attributes": [],
          "private": "bnVsbA=="
        },
        {
          "index_key": "PocketB",
          "schema_version": 0,
          "attributes": {
            "arn": "arn:aws:iam::905418330779:user/PocketB",
            "force_destroy": false,
            "id": "PocketB",
            "name": "PocketB",
            "path": "/",
            "permissions_boundary": "",
            "tags": null,
            "tags_all": {},
            "unique_id": "AIDA5FTZDKKNSL2QSIQBF"
          },
          "sensitive_attributes": [],
          "private": "bnVsbA=="
        },
        {
          "index_key": "PocketC",
          "schema_version": 0,
          "attributes": {
            "arn": "arn:aws:iam::905418330779:user/PocketC",
            "force_destroy": false,
            "id": "PocketC",
            "name": "PocketC",
            "path": "/",
            "permissions_boundary": "",
            "tags": null,
            "tags_all": {},
            "unique_id": "AIDA5FTZDKKNRRBNKNKOA"
          },
          "sensitive_attributes": [],
          "private": "bnVsbA=="
        }
      ]
    }
  ],
  "check_results": null
}
