{
  "version": 4,
  "terraform_version": "1.10.5",
  "serial": 16,
  "lineage": "3231b8d3-dd22-e3dd-8b96-d0760afc0257",
  "outputs": {},
  "resources": [
    {
      "mode": "managed",
      "type": "aws_iam_user",
      "name": "multi_users1",
      "provider": "provider[\"registry.terraform.io/hashicorp/aws\"]",
      "instances": [
        {
          "index_key": "Nitin_User_1",
          "schema_version": 0,
          "attributes": {
            "arn": "arn:aws:iam::905418330779:user/Nitin_User_1",
            "force_destroy": false,
            "id": "Nitin_User_1",
            "name": "Nitin_User_1",
            "path": "/",
            "permissions_boundary": null,
            "tags": null,
            "tags_all": {},
            "unique_id": "AIDA5FTZDKKN65LIAK3X2"
          },
          "sensitive_attributes": [],
          "private": "bnVsbA==",
          "dependencies": [
            "aws_instance.Nitin_Sati_Instance"
          ]
        },
        {
          "index_key": "Nitin_User_2",
          "schema_version": 0,
          "attributes": {
            "arn": "arn:aws:iam::905418330779:user/Nitin_User_2",
            "force_destroy": false,
            "id": "Nitin_User_2",
            "name": "Nitin_User_2",
            "path": "/",
            "permissions_boundary": null,
            "tags": null,
            "tags_all": {},
            "unique_id": "AIDA5FTZDKKN5D56AQE67"
          },
          "sensitive_attributes": [],
          "private": "bnVsbA==",
          "dependencies": [
            "aws_instance.Nitin_Sati_Instance"
          ]
        }
      ]
    },
    {
      "mode": "managed",
      "type": "aws_iam_user",
      "name": "multi_users3",
      "provider": "provider[\"registry.terraform.io/hashicorp/aws\"]",
      "instances": [
        {
          "index_key": "NAME1",
          "schema_version": 0,
          "attributes": {
            "arn": "arn:aws:iam::905418330779:user/Nitin_User_5",
            "force_destroy": false,
            "id": "Nitin_User_5",
            "name": "Nitin_User_5",
            "path": "/",
            "permissions_boundary": null,
            "tags": {
              "Name": "NAME1"
            },
            "tags_all": {
              "Name": "NAME1"
            },
            "unique_id": "AIDA5FTZDKKNWPYYXAVSY"
          },
          "sensitive_attributes": [],
          "private": "bnVsbA=="
        },
        {
          "index_key": "NAME2",
          "schema_version": 0,
          "attributes": {
            "arn": "arn:aws:iam::905418330779:user/Nitin_User_6",
            "force_destroy": false,
            "id": "Nitin_User_6",
            "name": "Nitin_User_6",
            "path": "/",
            "permissions_boundary": null,
            "tags": {
              "Name": "NAME2"
            },
            "tags_all": {
              "Name": "NAME2"
            },
            "unique_id": "AIDA5FTZDKKN2W3OA2LQT"
          },
          "sensitive_attributes": [],
          "private": "bnVsbA=="
        }
      ]
    },
    {
      "mode": "managed",
      "type": "aws_instance",
      "name": "Nitin_Sati_Instance",
      "provider": "provider[\"registry.terraform.io/hashicorp/aws\"]",
      "instances": [
        {
          "schema_version": 1,
          "attributes": {
            "ami": "ami-0b7207e48d1b6c06f",
            "arn": "arn:aws:ec2:ap-south-1:905418330779:instance/i-03e794c4b015efd92",
            "associate_public_ip_address": true,
            "availability_zone": "ap-south-1b",
            "capacity_reservation_specification": [
              {
                "capacity_reservation_preference": "open",
                "capacity_reservation_target": []
              }
            ],
            "cpu_core_count": 1,
            "cpu_options": [
              {
                "amd_sev_snp": "",
                "core_count": 1,
                "threads_per_core": 1
              }
            ],
            "cpu_threads_per_core": 1,
            "credit_specification": [
              {
                "cpu_credits": "standard"
              }
            ],
            "disable_api_stop": false,
            "disable_api_termination": false,
            "ebs_block_device": [],
            "ebs_optimized": false,
            "enclave_options": [
              {
                "enabled": false
              }
            ],
            "ephemeral_block_device": [],
            "get_password_data": false,
            "hibernation": false,
            "host_id": "",
            "host_resource_group_arn": null,
            "iam_instance_profile": "",
            "id": "i-03e794c4b015efd92",
            "instance_initiated_shutdown_behavior": "stop",
            "instance_state": "running",
            "instance_type": "t2.micro",
            "ipv6_address_count": 0,
            "ipv6_addresses": [],
            "key_name": "",
            "launch_template": [],
            "maintenance_options": [
              {
                "auto_recovery": "default"
              }
            ],
            "metadata_options": [
              {
                "http_endpoint": "enabled",
                "http_put_response_hop_limit": 2,
                "http_tokens": "required",
                "instance_metadata_tags": "disabled"
              }
            ],
            "monitoring": false,
            "network_interface": [],
            "outpost_arn": "",
            "password_data": "",
            "placement_group": "",
            "placement_partition_number": 0,
            "primary_network_interface_id": "eni-0eb4e21aa3cfa3f3b",
            "private_dns": "ip-172-31-12-165.ap-south-1.compute.internal",
            "private_dns_name_options": [
              {
                "enable_resource_name_dns_a_record": false,
                "enable_resource_name_dns_aaaa_record": false,
                "hostname_type": "ip-name"
              }
            ],
            "private_ip": "172.31.12.165",
            "public_dns": "ec2-65-0-131-46.ap-south-1.compute.amazonaws.com",
            "public_ip": "65.0.131.46",
            "root_block_device": [
              {
                "delete_on_termination": true,
                "device_name": "/dev/xvda",
                "encrypted": false,
                "iops": 3000,
                "kms_key_id": "",
                "tags": {},
                "throughput": 125,
                "volume_id": "vol-01c6d6938f8cb5d00",
                "volume_size": 8,
                "volume_type": "gp3"
              }
            ],
            "secondary_private_ips": [],
            "security_groups": [
              "default"
            ],
            "source_dest_check": true,
            "subnet_id": "subnet-0d2af78eaee823fff",
            "tags": {
              "Name": "Nitin_Sati_Instance"
            },
            "tags_all": {
              "Name": "Nitin_Sati_Instance"
            },
            "tenancy": "default",
            "timeouts": null,
            "user_data": null,
            "user_data_base64": null,
            "user_data_replace_on_change": false,
            "volume_tags": null,
            "vpc_security_group_ids": [
              "sg-0fd34ec82eafeb889"
            ]
          },
          "sensitive_attributes": [],
          "private": "eyJlMmJmYjczMC1lY2FhLTExZTYtOGY4OC0zNDM2M2JjN2M0YzAiOnsiY3JlYXRlIjo2MDAwMDAwMDAwMDAsImRlbGV0ZSI6MTIwMDAwMDAwMDAwMCwidXBkYXRlIjo2MDAwMDAwMDAwMDB9LCJzY2hlbWFfdmVyc2lvbiI6IjEifQ=="
        }
      ]
    }
  ],
  "check_results": null
}
